
Microsoft Visual Studio Solution File, Format Version 12.00
# Visual Studio Version 16
VisualStudioVersion = 16.0.30128.74
MinimumVisualStudioVersion = 10.0.40219.1
Project("{9A19103F-16F7-4668-BE54-9A1E7A4F7556}") = "Monster", "Monster\Monster.csproj", "{8238A0BB-BC64-40EB-AB2B-1F829EAB561E}"
	ProjectSection(ProjectDependencies) = postProject
		{AAD64A84-CFD8-4831-9671-D9E85B277681} = {AAD64A84-CFD8-4831-9671-D9E85B277681}
	EndProjectSection
EndProject
Project("{9A19103F-16F7-4668-BE54-9A1E7A4F7556}") = "WebAPI", "WebAPI\WebAPI.csproj", "{735A521B-B929-4BA9-A7B1-7F38741D44C8}"
	ProjectSection(ProjectDependencies) = postProject
		{AAD64A84-CFD8-4831-9671-D9E85B277681} = {AAD64A84-CFD8-4831-9671-D9E85B277681}
	EndProjectSection
EndProject
Project("{9A19103F-16F7-4668-BE54-9A1E7A4F7556}") = "Library", "Library\Library.csproj", "{AAD64A84-CFD8-4831-9671-D9E85B277681}"
EndProject
Global
	GlobalSection(SolutionConfigurationPlatforms) = preSolution
		Debug|Any CPU = Debug|Any CPU
		Release|Any CPU = Release|Any CPU
	EndGlobalSection
	GlobalSection(ProjectConfigurationPlatforms) = postSolution
		{8238A0BB-BC64-40EB-AB2B-1F829EAB561E}.Debug|Any CPU.ActiveCfg = Debug|Any CPU
		{8238A0BB-BC64-40EB-AB2B-1F829EAB561E}.Debug|Any CPU.Build.0 = Debug|Any CPU
		{8238A0BB-BC64-40EB-AB2B-1F829EAB561E}.Release|Any CPU.ActiveCfg = Release|Any CPU
		{8238A0BB-BC64-40EB-AB2B-1F829EAB561E}.Release|Any CPU.Build.0 = Release|Any CPU
		{735A521B-B929-4BA9-A7B1-7F38741D44C8}.Debug|Any CPU.ActiveCfg = Debug|Any CPU
		{735A521B-B929-4BA9-A7B1-7F38741D44C8}.Debug|Any CPU.Build.0 = Debug|Any CPU
		{735A521B-B929-4BA9-A7B1-7F38741D44C8}.Release|Any CPU.ActiveCfg = Release|Any CPU
		{735A521B-B929-4BA9-A7B1-7F38741D44C8}.Release|Any CPU.Build.0 = Release|Any CPU
		{AAD64A84-CFD8-4831-9671-D9E85B277681}.Debug|Any CPU.ActiveCfg = Debug|Any CPU
		{AAD64A84-CFD8-4831-9671-D9E85B277681}.Debug|Any CPU.Build.0 = Debug|Any CPU
		{AAD64A84-CFD8-4831-9671-D9E85B277681}.Release|Any CPU.ActiveCfg = Release|Any CPU
		{AAD64A84-CFD8-4831-9671-D9E85B277681}.Release|Any CPU.Build.0 = Release|Any CPU
	EndGlobalSection
	GlobalSection(SolutionProperties) = preSolution
		HideSolutionNode = FALSE
	EndGlobalSection
	GlobalSection(ExtensibilityGlobals) = postSolution
		SolutionGuid = {ED96DFEC-BBBF-47D4-AB29-374D47A55DAE}
	EndGlobalSection
EndGlobal
